{
  "name": "ts-interfaces-import-test",
  "version": "1.0.0",
  "lockfileVersion": 1,
  "requires": true,
  "dependencies": {
    "ts-interfaces-publish-test": {
      "version": "1.0.0",
      "resolved": "https://registry.npmjs.org/ts-interfaces-publish-test/-/ts-interfaces-publish-test-1.0.0.tgz",
      "integrity": "sha512-tQQbgcfVQ2eoe1q7nX203sIMHLapl5/V2xM6Wom4tan2PvnrxzWjS63/Ic5/Q34RdurbNeGBIYHU9N917zZmAA=="
    }
  }
}
